
Microsoft Visual Studio Solution File, Format Version 12.00
# Visual Studio Version 16
VisualStudioVersion = 16.0.32126.315
MinimumVisualStudioVersion = 10.0.40219.1
Project("{FAE04EC0-301F-11D3-BF4B-00C04F79EFBC}") = "QuickMusic.EntidadesDeNegocio", "QuickMusic.EntidadesDeNegocio\QuickMusic.EntidadesDeNegocio.csproj", "{8DAE5205-D74C-4ABD-A602-1C186F559C38}"
EndProject
Project("{FAE04EC0-301F-11D3-BF4B-00C04F79EFBC}") = "QuickMusic.AccesoADatos", "QuickMusic.AccesoADatos\QuickMusic.AccesoADatos.csproj", "{F3E2E60F-2024-47C2-9E77-59B71A903FDE}"
EndProject
Project("{FAE04EC0-301F-11D3-BF4B-00C04F79EFBC}") = "QuickMusic.LogicaDeNegocio", "QuickMusic.LogicaDeNegocio\QuickMusic.LogicaDeNegocio.csproj", "{41B8F719-794C-45A6-8B71-C22274FA546C}"
EndProject
Project("{FAE04EC0-301F-11D3-BF4B-00C04F79EFBC}") = "QuickMusic.PrubasUnitarias", "QuickMusic.PrubasUnitarias\QuickMusic.PrubasUnitarias.csproj", "{55D11D83-1B3B-4625-8AA5-233090FBBAEF}"
EndProject
Project("{FAE04EC0-301F-11D3-BF4B-00C04F79EFBC}") = "QuickMusic.WebApi", "QuickMusic.WebApi\QuickMusic.WebApi.csproj", "{70411051-35BA-448A-BD18-F35CA1F22392}"
EndProject
Global
	GlobalSection(SolutionConfigurationPlatforms) = preSolution
		Debug|Any CPU = Debug|Any CPU
		Release|Any CPU = Release|Any CPU
	EndGlobalSection
	GlobalSection(ProjectConfigurationPlatforms) = postSolution
		{8DAE5205-D74C-4ABD-A602-1C186F559C38}.Debug|Any CPU.ActiveCfg = Debug|Any CPU
		{8DAE5205-D74C-4ABD-A602-1C186F559C38}.Debug|Any CPU.Build.0 = Debug|Any CPU
		{8DAE5205-D74C-4ABD-A602-1C186F559C38}.Release|Any CPU.ActiveCfg = Release|Any CPU
		{8DAE5205-D74C-4ABD-A602-1C186F559C38}.Release|Any CPU.Build.0 = Release|Any CPU
		{F3E2E60F-2024-47C2-9E77-59B71A903FDE}.Debug|Any CPU.ActiveCfg = Debug|Any CPU
		{F3E2E60F-2024-47C2-9E77-59B71A903FDE}.Debug|Any CPU.Build.0 = Debug|Any CPU
		{F3E2E60F-2024-47C2-9E77-59B71A903FDE}.Release|Any CPU.ActiveCfg = Release|Any CPU
		{F3E2E60F-2024-47C2-9E77-59B71A903FDE}.Release|Any CPU.Build.0 = Release|Any CPU
		{41B8F719-794C-45A6-8B71-C22274FA546C}.Debug|Any CPU.ActiveCfg = Debug|Any CPU
		{41B8F719-794C-45A6-8B71-C22274FA546C}.Debug|Any CPU.Build.0 = Debug|Any CPU
		{41B8F719-794C-45A6-8B71-C22274FA546C}.Release|Any CPU.ActiveCfg = Release|Any CPU
		{41B8F719-794C-45A6-8B71-C22274FA546C}.Release|Any CPU.Build.0 = Release|Any CPU
		{55D11D83-1B3B-4625-8AA5-233090FBBAEF}.Debug|Any CPU.ActiveCfg = Debug|Any CPU
		{55D11D83-1B3B-4625-8AA5-233090FBBAEF}.Debug|Any CPU.Build.0 = Debug|Any CPU
		{55D11D83-1B3B-4625-8AA5-233090FBBAEF}.Release|Any CPU.ActiveCfg = Release|Any CPU
		{55D11D83-1B3B-4625-8AA5-233090FBBAEF}.Release|Any CPU.Build.0 = Release|Any CPU
		{70411051-35BA-448A-BD18-F35CA1F22392}.Debug|Any CPU.ActiveCfg = Debug|Any CPU
		{70411051-35BA-448A-BD18-F35CA1F22392}.Debug|Any CPU.Build.0 = Debug|Any CPU
		{70411051-35BA-448A-BD18-F35CA1F22392}.Release|Any CPU.ActiveCfg = Release|Any CPU
		{70411051-35BA-448A-BD18-F35CA1F22392}.Release|Any CPU.Build.0 = Release|Any CPU
	EndGlobalSection
	GlobalSection(SolutionProperties) = preSolution
		HideSolutionNode = FALSE
	EndGlobalSection
	GlobalSection(ExtensibilityGlobals) = postSolution
		SolutionGuid = {1612B6AC-B601-4A40-9D0F-75FB49F0525F}
	EndGlobalSection
EndGlobal
